{
  "name": "nankai-trough-map",
  "version": "1.0.0",
  "lockfileVersion": 2,
  "requires": true,
  "packages": {
    "": {
      "name": "nankai-trough-map",
      "version": "1.0.0",
      "license": "ISC",
      "dependencies": {
        "csv-parse": "^5.3.1",
        "csv-writer": "^1.6.0",
        "js-big-decimal": "^1.3.12",
        "meterstodegrees": "^0.0.5"
      }
    },
    "node_modules/csv-parse": {
      "version": "5.3.1",
      "resolved": "https://registry.npmjs.org/csv-parse/-/csv-parse-5.3.1.tgz",
      "integrity": "sha512-R4Hv6eGJNzgcKdThZ6XORbSQ873HVcNke74QIq+LbwpT90LaZ8Xzl7KKiuIP16xq/P7ofzRt0h7S0xm+fVScsw=="
    },
    "node_modules/csv-writer": {
      "version": "1.6.0",
      "resolved": "https://registry.npmjs.org/csv-writer/-/csv-writer-1.6.0.tgz",
      "integrity": "sha512-NOx7YDFWEsM/fTRAJjRpPp8t+MKRVvniAg9wQlUKx20MFrPs73WLJhFf5iteqrxNYnsy924K3Iroh3yNHeYd2g=="
    },
    "node_modules/js-big-decimal": {
      "version": "1.3.12",
      "resolved": "https://registry.npmjs.org/js-big-decimal/-/js-big-decimal-1.3.12.tgz",
      "integrity": "sha512-FWAINnjcRoteTgDC6jqyCXgzLZydrlKXLXvI7GizM7gfprrfmtw7mNdn2x1cO51FCEi5eeKPdQe7QDPKwsOBag=="
    },
    "node_modules/meterstodegrees": {
      "version": "0.0.5",
      "resolved": "https://registry.npmjs.org/meterstodegrees/-/meterstodegrees-0.0.5.tgz",
      "integrity": "sha512-+51uC1eQUQvf9QoCDUhLklQ1JGFag551SHahjgLoMAZuZOR58ZmOIdlbRN07fWR/NQ18e6G+y/VqsESEt8G9TQ=="
    }
  },
  "dependencies": {
    "csv-parse": {
      "version": "5.3.1",
      "resolved": "https://registry.npmjs.org/csv-parse/-/csv-parse-5.3.1.tgz",
      "integrity": "sha512-R4Hv6eGJNzgcKdThZ6XORbSQ873HVcNke74QIq+LbwpT90LaZ8Xzl7KKiuIP16xq/P7ofzRt0h7S0xm+fVScsw=="
    },
    "csv-writer": {
      "version": "1.6.0",
      "resolved": "https://registry.npmjs.org/csv-writer/-/csv-writer-1.6.0.tgz",
      "integrity": "sha512-NOx7YDFWEsM/fTRAJjRpPp8t+MKRVvniAg9wQlUKx20MFrPs73WLJhFf5iteqrxNYnsy924K3Iroh3yNHeYd2g=="
    },
    "js-big-decimal": {
      "version": "1.3.12",
      "resolved": "https://registry.npmjs.org/js-big-decimal/-/js-big-decimal-1.3.12.tgz",
      "integrity": "sha512-FWAINnjcRoteTgDC6jqyCXgzLZydrlKXLXvI7GizM7gfprrfmtw7mNdn2x1cO51FCEi5eeKPdQe7QDPKwsOBag=="
    },
    "meterstodegrees": {
      "version": "0.0.5",
      "resolved": "https://registry.npmjs.org/meterstodegrees/-/meterstodegrees-0.0.5.tgz",
      "integrity": "sha512-+51uC1eQUQvf9QoCDUhLklQ1JGFag551SHahjgLoMAZuZOR58ZmOIdlbRN07fWR/NQ18e6G+y/VqsESEt8G9TQ=="
    }
  }
}
